{
  "version": "5",
  "specifiers": {
    "jsr:@paddor/lz4rip@*": "0.1.0",
    "jsr:@paddor/lz4rip@0.1": "0.1.0"
  },
  "jsr": {
    "@paddor/lz4rip@0.1.0": {
      "integrity": "23138dacfa464e8338660d9313a3d50f2524b18ba49432ec2499b2a40af96dbb"
    }
  },
  "workspace": {
    "dependencies": [
      "jsr:@paddor/lz4rip@0.1"
    ],
    "packageJson": {
      "dependencies": [
        "npm:@jsr/paddor__lz4rip@0.2",
        "npm:@types/node@26",
        "npm:vitest@^4.1.9"
      ]
    }
  }
}
